
Microsoft Visual Studio Solution File, Format Version 12.00
# Visual Studio Version 16
VisualStudioVersion = 16.0.32407.337
MinimumVisualStudioVersion = 10.0.40219.1
Project("{FAE04EC0-301F-11D3-BF4B-00C04F79EFBC}") = "Csharp1", "Csharp1\Csharp1.csproj", "{94CF4FC3-9D3A-4BC9-82E4-8AE4E9515B45}"
EndProject
Global
	GlobalSection(SolutionConfigurationPlatforms) = preSolution
		Debug|Any CPU = Debug|Any CPU
		Release|Any CPU = Release|Any CPU
	EndGlobalSection
	GlobalSection(ProjectConfigurationPlatforms) = postSolution
		{94CF4FC3-9D3A-4BC9-82E4-8AE4E9515B45}.Debug|Any CPU.ActiveCfg = Debug|Any CPU
		{94CF4FC3-9D3A-4BC9-82E4-8AE4E9515B45}.Debug|Any CPU.Build.0 = Debug|Any CPU
		{94CF4FC3-9D3A-4BC9-82E4-8AE4E9515B45}.Release|Any CPU.ActiveCfg = Release|Any CPU
		{94CF4FC3-9D3A-4BC9-82E4-8AE4E9515B45}.Release|Any CPU.Build.0 = Release|Any CPU
	EndGlobalSection
	GlobalSection(SolutionProperties) = preSolution
		HideSolutionNode = FALSE
	EndGlobalSection
	GlobalSection(ExtensibilityGlobals) = postSolution
		SolutionGuid = {E221CA1C-D879-4875-B629-39AA06B7F5EF}
	EndGlobalSection
EndGlobal
